
Microsoft Visual Studio Solution File, Format Version 12.00
# Visual Studio Version 16
VisualStudioVersion = 25.0.1704.1
MinimumVisualStudioVersion = 10.0.40219.1
Project("{FAE04EC0-301F-11D3-BF4B-00C04F79EFBC}") = "Final Website", "Final Website\Final Website.csproj", "{961E216E-88E1-4342-9A3F-F988A00285D3}"
EndProject
Global
	GlobalSection(SolutionConfigurationPlatforms) = preSolution
		Debug|Any CPU = Debug|Any CPU
		Release|Any CPU = Release|Any CPU
	EndGlobalSection
	GlobalSection(ProjectConfigurationPlatforms) = postSolution
		{961E216E-88E1-4342-9A3F-F988A00285D3}.Debug|Any CPU.ActiveCfg = Debug|Any CPU
		{961E216E-88E1-4342-9A3F-F988A00285D3}.Debug|Any CPU.Build.0 = Debug|Any CPU
		{961E216E-88E1-4342-9A3F-F988A00285D3}.Release|Any CPU.ActiveCfg = Release|Any CPU
		{961E216E-88E1-4342-9A3F-F988A00285D3}.Release|Any CPU.Build.0 = Release|Any CPU
	EndGlobalSection
	GlobalSection(SolutionProperties) = preSolution
		HideSolutionNode = FALSE
	EndGlobalSection
	GlobalSection(ExtensibilityGlobals) = postSolution
		SolutionGuid = {4CBC0F2A-C11A-4BB4-8B5F-0957897FCF55}
	EndGlobalSection
EndGlobal
